{
  "name": "vsgrill",
  "version": "1.0.0",
  "lockfileVersion": 1,
  "requires": true,
  "dependencies": {
    "mdbootstrap": {
      "version": "4.5.8",
      "resolved": "https://registry.npmjs.org/mdbootstrap/-/mdbootstrap-4.5.8.tgz",
      "integrity": "sha512-nV7AVocOA1b385XoOOUSzT7SAXp1xltHQiYzHokR2HIwNhpDQXL/AR4Mi15NA8kv4+0oqOVbC9huXjei9aqK4A=="
    }
  }
}
